{
  "name": "lunr-fixture-gen",
  "requires": true,
  "lockfileVersion": 1,
  "dependencies": {
    "lunr": {
      "version": "2.1.6",
      "resolved": "https://registry.npmjs.org/lunr/-/lunr-2.1.6.tgz",
      "integrity": "sha512-ydJpB8CX8cZ/VE+KMaYaFcZ6+o2LruM6NG76VXdflYTgluvVemz1lW4anE+pyBbLvxJHZdvD1Jy/fOqdzAEJog=="
    },
    "lunr-languages": {
      "version": "1.0.0",
      "resolved": "https://registry.npmjs.org/lunr-languages/-/lunr-languages-1.0.0.tgz",
      "integrity": "sha1-gwvKL+hktxPr4T/zPtSO4G5jVyM="
    }
  }
}
