{
  "name": "lunr-fixture-gen",
  "lockfileVersion": 3,
  "requires": true,
  "packages": {
    "": {
      "name": "lunr-fixture-gen",
      "dependencies": {
        "@node-rs/jieba": "^1.10.3",
        "lunr": "^2.3.9",
        "lunr-languages": "^1.14.0"
      }
    },
    "node_modules/@emnapi/core": {
      "version": "1.2.0",
      "resolved": "https://registry.npmjs.org/@emnapi/core/-/core-1.2.0.tgz",
      "integrity": "sha512-E7Vgw78I93we4ZWdYCb4DGAwRROGkMIXk7/y87UmANR+J6qsWusmC3gLt0H+O0KOt5e6O38U8oJamgbudrES/w==",
      "optional": true,
      "dependencies": {
        "@emnapi/wasi-threads": "1.0.1",
        "tslib": "^2.4.0"
      }
    },
    "node_modules/@emnapi/runtime": {
      "version": "1.2.0",
      "resolved": "https://registry.npmjs.org/@emnapi/runtime/-/runtime-1.2.0.tgz",
      "integrity": "sha512-bV21/9LQmcQeCPEg3BDFtvwL6cwiTMksYNWQQ4KOxCZikEGalWtenoZ0wCiukJINlGCIi2KXx01g4FoH/LxpzQ==",
      "optional": true,
      "dependencies": {
        "tslib": "^2.4.0"
      }
    },
    "node_modules/@emnapi/wasi-threads": {
      "version": "1.0.1",
      "resolved": "https://registry.npmjs.org/@emnapi/wasi-threads/-/wasi-threads-1.0.1.tgz",
      "integrity": "sha512-iIBu7mwkq4UQGeMEM8bLwNK962nXdhodeScX4slfQnRhEMMzvYivHhutCIk8uojvmASXXPC2WNEjwxFWk72Oqw==",
      "optional": true,
      "dependencies": {
        "tslib": "^2.4.0"
      }
    },
    "node_modules/@napi-rs/wasm-runtime": {
      "version": "0.2.4",
      "resolved": "https://registry.npmjs.org/@napi-rs/wasm-runtime/-/wasm-runtime-0.2.4.tgz",
      "integrity": "sha512-9zESzOO5aDByvhIAsOy9TbpZ0Ur2AJbUI7UT73kcUTS2mxAMHOBaa1st/jAymNoCtvrit99kkzT1FZuXVcgfIQ==",
      "optional": true,
      "dependencies": {
        "@emnapi/core": "^1.1.0",
        "@emnapi/runtime": "^1.1.0",
        "@tybys/wasm-util": "^0.9.0"
      }
    },
    "node_modules/@node-rs/jieba": {
      "version": "1.10.3",
      "resolved": "https://registry.npmjs.org/@node-rs/jieba/-/jieba-1.10.3.tgz",
      "integrity": "sha512-SG0CWHmhIveH6upJURgymDKLertEPYbOc5NSFIpbZWW1W2MpqgumVteQO+5YBlkmpR6jMNDPWNQyQwkB6HoeNg==",
      "engines": {
        "node": ">= 10"
      },
      "funding": {
        "type": "github",
        "url": "https://github.com/sponsors/Brooooooklyn"
      },
      "optionalDependencies": {
        "@node-rs/jieba-android-arm-eabi": "1.10.3",
        "@node-rs/jieba-android-arm64": "1.10.3",
        "@node-rs/jieba-darwin-arm64": "1.10.3",
        "@node-rs/jieba-darwin-x64": "1.10.3",
        "@node-rs/jieba-freebsd-x64": "1.10.3",
        "@node-rs/jieba-linux-arm-gnueabihf": "1.10.3",
        "@node-rs/jieba-linux-arm64-gnu": "1.10.3",
        "@node-rs/jieba-linux-arm64-musl": "1.10.3",
        "@node-rs/jieba-linux-x64-gnu": "1.10.3",
        "@node-rs/jieba-linux-x64-musl": "1.10.3",
        "@node-rs/jieba-wasm32-wasi": "1.10.3",
        "@node-rs/jieba-win32-arm64-msvc": "1.10.3",
        "@node-rs/jieba-win32-ia32-msvc": "1.10.3",
        "@node-rs/jieba-win32-x64-msvc": "1.10.3"
      }
    },
    "node_modules/@node-rs/jieba-android-arm-eabi": {
      "version": "1.10.3",
      "resolved": "https://registry.npmjs.org/@node-rs/jieba-android-arm-eabi/-/jieba-android-arm-eabi-1.10.3.tgz",
      "integrity": "sha512-fuqVtaYlUKZg3cqagYFxj1DSa7ZHKXLle4iGH2kbQWg7Kw6cf7aCYBHIUZuH5sliK10M/CWccZ+SGRUwcSGfbg==",
      "cpu": [
        "arm"
      ],
      "optional": true,
      "os": [
        "android"
      ],
      "engines": {
        "node": ">= 10"
      }
    },
    "node_modules/@node-rs/jieba-android-arm64": {
      "version": "1.10.3",
      "resolved": "https://registry.npmjs.org/@node-rs/jieba-android-arm64/-/jieba-android-arm64-1.10.3.tgz",
      "integrity": "sha512-iuZZZq5yD9lT+AgaXpFe19gtAsIecUODRLLaBFbavjgjLk5cumv38ytWjS36s/eqptwI15MQfysSYOlWtMEG5g==",
      "cpu": [
        "arm64"
      ],
      "optional": true,
      "os": [
        "android"
      ],
      "engines": {
        "node": ">= 10"
      }
    },
    "node_modules/@node-rs/jieba-darwin-arm64": {
      "version": "1.10.3",
      "resolved": "https://registry.npmjs.org/@node-rs/jieba-darwin-arm64/-/jieba-darwin-arm64-1.10.3.tgz",
      "integrity": "sha512-dwPhkav1tEARskwPz91UUXL2NXy4h0lJYTuJzpGgwXxm552zBM2JJ41kjah1364j+EOq5At3NQvf5r5rH89phQ==",
      "cpu": [
        "arm64"
      ],
      "optional": true,
      "os": [
        "darwin"
      ],
      "engines": {
        "node": ">= 10"
      }
    },
    "node_modules/@node-rs/jieba-darwin-x64": {
      "version": "1.10.3",
      "resolved": "https://registry.npmjs.org/@node-rs/jieba-darwin-x64/-/jieba-darwin-x64-1.10.3.tgz",
      "integrity": "sha512-kjxvV6G1baQo/2I3mELv5qGv4Q0rhd5srwXhypSxMWZFtSpNwCDsLcIOR5bvMBci6QVFfZOs6WD6DKiWVz0SlA==",
      "cpu": [
        "x64"
      ],
      "optional": true,
      "os": [
        "darwin"
      ],
      "engines": {
        "node": ">= 10"
      }
    },
    "node_modules/@node-rs/jieba-freebsd-x64": {
      "version": "1.10.3",
      "resolved": "https://registry.npmjs.org/@node-rs/jieba-freebsd-x64/-/jieba-freebsd-x64-1.10.3.tgz",
      "integrity": "sha512-QYTsn+zlWRil+MuBeLfTK5Md4GluOf2lHnFqjrOZW2oMgNOvxB3qoLV4TUf70S/E2XHeP6PUdjCKItX8C7GQPg==",
      "cpu": [
        "x64"
      ],
      "optional": true,
      "os": [
        "freebsd"
      ],
      "engines": {
        "node": ">= 10"
      }
    },
    "node_modules/@node-rs/jieba-linux-arm-gnueabihf": {
      "version": "1.10.3",
      "resolved": "https://registry.npmjs.org/@node-rs/jieba-linux-arm-gnueabihf/-/jieba-linux-arm-gnueabihf-1.10.3.tgz",
      "integrity": "sha512-UFB43kDOvqmbRl99e3GPwaTuwJZaAvgLaMTvBkmxww4MpQH6G1k31RLzMW/S21uSQso2lj6W/Mm59gaJk2FiyA==",
      "cpu": [
        "arm"
      ],
      "optional": true,
      "os": [
        "linux"
      ],
      "engines": {
        "node": ">= 10"
      }
    },
    "node_modules/@node-rs/jieba-linux-arm64-gnu": {
      "version": "1.10.3",
      "resolved": "https://registry.npmjs.org/@node-rs/jieba-linux-arm64-gnu/-/jieba-linux-arm64-gnu-1.10.3.tgz",
      "integrity": "sha512-bu++yWi10wZtnS5uLcwxzxKmHVT77NgQMK8JiQr1TWCl3Y1Th7CnEHQtxfVB489edDK8l644h1/4zSTe5fRnOQ==",
      "cpu": [
        "arm64"
      ],
      "optional": true,
      "os": [
        "linux"
      ],
      "engines": {
        "node": ">= 10"
      }
    },
    "node_modules/@node-rs/jieba-linux-arm64-musl": {
      "version": "1.10.3",
      "resolved": "https://registry.npmjs.org/@node-rs/jieba-linux-arm64-musl/-/jieba-linux-arm64-musl-1.10.3.tgz",
      "integrity": "sha512-pJh+SzrK1HaKakhdFM+ew9vXwpZqMxy9u0U7J4GT+3GvOwnAZ+KjeaHebIfgOz7ZHvp/T4YBNf8oWW4zwj3AJw==",
      "cpu": [
        "arm64"
      ],
      "optional": true,
      "os": [
        "linux"
      ],
      "engines": {
        "node": ">= 10"
      }
    },
    "node_modules/@node-rs/jieba-linux-x64-gnu": {
      "version": "1.10.3",
      "resolved": "https://registry.npmjs.org/@node-rs/jieba-linux-x64-gnu/-/jieba-linux-x64-gnu-1.10.3.tgz",
      "integrity": "sha512-GF5cfvu/0wXO2fVX/XV3WYH/xEGWzMBvfqLhGiA1OA1xHIufnA1T7uU3ZXkyoNi5Bzf6dmxnwtE4CJL0nvhwjQ==",
      "cpu": [
        "x64"
      ],
      "optional": true,
      "os": [
        "linux"
      ],
      "engines": {
        "node": ">= 10"
      }
    },
    "node_modules/@node-rs/jieba-linux-x64-musl": {
      "version": "1.10.3",
      "resolved": "https://registry.npmjs.org/@node-rs/jieba-linux-x64-musl/-/jieba-linux-x64-musl-1.10.3.tgz",
      "integrity": "sha512-h45HMVU/hgzQ0saXNsK9fKlGdah1i1cXZULpB5vQRlRL2ZIaGp+ULtWTogS7vkoo2K8s2l4tqakWMg9eUjIJ2A==",
      "cpu": [
        "x64"
      ],
      "optional": true,
      "os": [
        "linux"
      ],
      "engines": {
        "node": ">= 10"
      }
    },
    "node_modules/@node-rs/jieba-wasm32-wasi": {
      "version": "1.10.3",
      "resolved": "https://registry.npmjs.org/@node-rs/jieba-wasm32-wasi/-/jieba-wasm32-wasi-1.10.3.tgz",
      "integrity": "sha512-vuoQ62vVoedNGcBmIi4UWdtNBOZG8B+vDYfjx3FD6rNg6g/RgwbVjYXbOVMOQwX06Ob9CfrutICXdUGHgoxzEQ==",
      "cpu": [
        "wasm32"
      ],
      "optional": true,
      "dependencies": {
        "@napi-rs/wasm-runtime": "^0.2.3"
      },
      "engines": {
        "node": ">=14.0.0"
      }
    },
    "node_modules/@node-rs/jieba-win32-arm64-msvc": {
      "version": "1.10.3",
      "resolved": "https://registry.npmjs.org/@node-rs/jieba-win32-arm64-msvc/-/jieba-win32-arm64-msvc-1.10.3.tgz",
      "integrity": "sha512-B8t4dh56TZnMLBoYWDkopf1ed37Ru/iU1qiIeBkbZWXGmNBChNZUOd//eaPOFjx8m9Sfc8bkj3FBRWt/kTAhmw==",
      "cpu": [
        "arm64"
      ],
      "optional": true,
      "os": [
        "win32"
      ],
      "engines": {
        "node": ">= 10"
      }
    },
    "node_modules/@node-rs/jieba-win32-ia32-msvc": {
      "version": "1.10.3",
      "resolved": "https://registry.npmjs.org/@node-rs/jieba-win32-ia32-msvc/-/jieba-win32-ia32-msvc-1.10.3.tgz",
      "integrity": "sha512-SKuPGZJ5T+X4jOn1S8LklOSZ6HC7UBiw0hwi2z9uqX6WgElquLjGi/xfZ2gPqffeR/5K/PUu7aqYUUPL1XonVQ==",
      "cpu": [
        "ia32"
      ],
      "optional": true,
      "os": [
        "win32"
      ],
      "engines": {
        "node": ">= 10"
      }
    },
    "node_modules/@node-rs/jieba-win32-x64-msvc": {
      "version": "1.10.3",
      "resolved": "https://registry.npmjs.org/@node-rs/jieba-win32-x64-msvc/-/jieba-win32-x64-msvc-1.10.3.tgz",
      "integrity": "sha512-j9I4+a/tf2hsLu8Sr0NhcLBVNBBQctO2mzcjemMpRa1SlEeODyic9RIyP8Ljz3YTN6MYqKh1KA9iR1xvxjxYFg==",
      "cpu": [
        "x64"
      ],
      "optional": true,
      "os": [
        "win32"
      ],
      "engines": {
        "node": ">= 10"
      }
    },
    "node_modules/@tybys/wasm-util": {
      "version": "0.9.0",
      "resolved": "https://registry.npmjs.org/@tybys/wasm-util/-/wasm-util-0.9.0.tgz",
      "integrity": "sha512-6+7nlbMVX/PVDCwaIQ8nTOPveOcFLSt8GcXdx8hD0bt39uWxYT88uXzqTd4fTvqta7oeUJqudepapKNt2DYJFw==",
      "optional": true,
      "dependencies": {
        "tslib": "^2.4.0"
      }
    },
    "node_modules/lunr": {
      "version": "2.3.9",
      "resolved": "https://registry.npmjs.org/lunr/-/lunr-2.3.9.tgz",
      "integrity": "sha512-zTU3DaZaF3Rt9rhN3uBMGQD3dD2/vFQqnvZCDv4dl5iOzq2IZQqTxu90r4E5J+nP70J3ilqVCrbho2eWaeW8Ow=="
    },
    "node_modules/lunr-languages": {
      "version": "1.14.0",
      "resolved": "https://registry.npmjs.org/lunr-languages/-/lunr-languages-1.14.0.tgz",
      "integrity": "sha512-hWUAb2KqM3L7J5bcrngszzISY4BxrXn/Xhbb9TTCJYEGqlR1nG67/M14sp09+PTIRklobrn57IAxcdcO/ZFyNA=="
    },
    "node_modules/tslib": {
      "version": "2.6.3",
      "resolved": "https://registry.npmjs.org/tslib/-/tslib-2.6.3.tgz",
      "integrity": "sha512-xNvxJEOUiWPGhUuUdQgAJPKOOJfGnIyKySOc09XkKsgdUV/3E2zvwZYdejjmRgPCgcym1juLH3226yA7sEFJKQ==",
      "optional": true
    }
  }
}
